
Microsoft Visual Studio Solution File, Format Version 12.00
# Visual Studio Version 17
VisualStudioVersion = 17.6.33815.320
MinimumVisualStudioVersion = 10.0.40219.1
Project("{FAE04EC0-301F-11D3-BF4B-00C04F79EFBC}") = "Demo01Bibliotheque.Test", "Demo01Bibliotheque.Test\Demo01Bibliotheque.Test.csproj", "{ABDFFE55-425C-4FD1-883E-BCD16E0ACFCC}"
EndProject
Project("{FAE04EC0-301F-11D3-BF4B-00C04F79EFBC}") = "Demo01Bibliotheque", "Demo01Bibliotheque\Demo01Bibliotheque.csproj", "{F27A1370-1C11-48CA-A286-3E2C8231B471}"
EndProject
Global
	GlobalSection(SolutionConfigurationPlatforms) = preSolution
		Debug|Any CPU = Debug|Any CPU
		Release|Any CPU = Release|Any CPU
	EndGlobalSection
	GlobalSection(ProjectConfigurationPlatforms) = postSolution
		{ABDFFE55-425C-4FD1-883E-BCD16E0ACFCC}.Debug|Any CPU.ActiveCfg = Debug|Any CPU
		{ABDFFE55-425C-4FD1-883E-BCD16E0ACFCC}.Debug|Any CPU.Build.0 = Debug|Any CPU
		{ABDFFE55-425C-4FD1-883E-BCD16E0ACFCC}.Release|Any CPU.ActiveCfg = Release|Any CPU
		{ABDFFE55-425C-4FD1-883E-BCD16E0ACFCC}.Release|Any CPU.Build.0 = Release|Any CPU
		{F27A1370-1C11-48CA-A286-3E2C8231B471}.Debug|Any CPU.ActiveCfg = Debug|Any CPU
		{F27A1370-1C11-48CA-A286-3E2C8231B471}.Debug|Any CPU.Build.0 = Debug|Any CPU
		{F27A1370-1C11-48CA-A286-3E2C8231B471}.Release|Any CPU.ActiveCfg = Release|Any CPU
		{F27A1370-1C11-48CA-A286-3E2C8231B471}.Release|Any CPU.Build.0 = Release|Any CPU
	EndGlobalSection
	GlobalSection(SolutionProperties) = preSolution
		HideSolutionNode = FALSE
	EndGlobalSection
	GlobalSection(ExtensibilityGlobals) = postSolution
		SolutionGuid = {E016A043-D85D-4DC1-9680-324126B59F01}
	EndGlobalSection
EndGlobal
