
Microsoft Visual Studio Solution File, Format Version 12.00
# Visual Studio Version 17
VisualStudioVersion = 17.6.33815.320
MinimumVisualStudioVersion = 10.0.40219.1
Project("{FAE04EC0-301F-11D3-BF4B-00C04F79EFBC}") = "PizzaTp", "PizzaTp\PizzaTp.csproj", "{077D549F-5EE5-467D-B2DD-B9140CB0FFC1}"
EndProject
Global
	GlobalSection(SolutionConfigurationPlatforms) = preSolution
		Debug|Any CPU = Debug|Any CPU
		Release|Any CPU = Release|Any CPU
	EndGlobalSection
	GlobalSection(ProjectConfigurationPlatforms) = postSolution
		{077D549F-5EE5-467D-B2DD-B9140CB0FFC1}.Debug|Any CPU.ActiveCfg = Debug|Any CPU
		{077D549F-5EE5-467D-B2DD-B9140CB0FFC1}.Debug|Any CPU.Build.0 = Debug|Any CPU
		{077D549F-5EE5-467D-B2DD-B9140CB0FFC1}.Release|Any CPU.ActiveCfg = Release|Any CPU
		{077D549F-5EE5-467D-B2DD-B9140CB0FFC1}.Release|Any CPU.Build.0 = Release|Any CPU
	EndGlobalSection
	GlobalSection(SolutionProperties) = preSolution
		HideSolutionNode = FALSE
	EndGlobalSection
	GlobalSection(ExtensibilityGlobals) = postSolution
		SolutionGuid = {AFF6F8AF-2466-4C42-89F4-C7ED07E432D4}
	EndGlobalSection
EndGlobal
