
Microsoft Visual Studio Solution File, Format Version 12.00
# Visual Studio Version 17
VisualStudioVersion = 17.6.33815.320
MinimumVisualStudioVersion = 10.0.40219.1
Project("{9A19103F-16F7-4668-BE54-9A1E7A4F7556}") = "DemosCSharp", "DemosCSharp\DemosCSharp.csproj", "{3D01895B-3F61-4395-94FB-FF6A10D619E3}"
EndProject
Project("{9A19103F-16F7-4668-BE54-9A1E7A4F7556}") = "Exercice01", "Exercice01\Exercice01.csproj", "{C616F5F9-1413-4B13-9E95-D137729AB1AA}"
EndProject
Project("{9A19103F-16F7-4668-BE54-9A1E7A4F7556}") = "Exercice02", "Exercice02\Exercice02.csproj", "{B0265580-00AD-43D1-B7FC-CFE8419129E6}"
EndProject
Project("{9A19103F-16F7-4668-BE54-9A1E7A4F7556}") = "Exercice03", "Exercice03\Exercice03.csproj", "{82BBA5E1-38BC-4ECD-9800-CED0DF793BB3}"
EndProject
Project("{9A19103F-16F7-4668-BE54-9A1E7A4F7556}") = "Exercice04", "Exercice04\Exercice04.csproj", "{34234B24-DD3F-4065-B9DB-BC25DF7EB25F}"
EndProject
Project("{9A19103F-16F7-4668-BE54-9A1E7A4F7556}") = "Exercice05", "Exercice05\Exercice05.csproj", "{859B2E37-31D0-41DB-B348-791C4E8F05A9}"
EndProject
Project("{9A19103F-16F7-4668-BE54-9A1E7A4F7556}") = "Exercice06", "Exercice06\Exercice06.csproj", "{0257E520-6143-4F1D-B995-1D23058B3AA8}"
EndProject
Project("{9A19103F-16F7-4668-BE54-9A1E7A4F7556}") = "Exercice07", "Exercice07\Exercice07.csproj", "{2A290C3B-E4E0-4EB0-805C-622DBF4002C1}"
EndProject
Project("{9A19103F-16F7-4668-BE54-9A1E7A4F7556}") = "Exercice08", "Exercice08\Exercice08.csproj", "{EAC0B7CD-877E-457C-A46A-098F905694C6}"
EndProject
Project("{9A19103F-16F7-4668-BE54-9A1E7A4F7556}") = "Exercice09", "Exercice09\Exercice09.csproj", "{C312F82F-A235-464F-B257-22A86961F201}"
EndProject
Project("{9A19103F-16F7-4668-BE54-9A1E7A4F7556}") = "Exercice10", "Exercice10\Exercice10.csproj", "{879C425C-267F-476B-A0C8-89317C04A426}"
EndProject
Project("{9A19103F-16F7-4668-BE54-9A1E7A4F7556}") = "Exercice11", "Exercice11\Exercice11.csproj", "{115052D9-38BF-4F3B-88C7-B151C7FCFD33}"
EndProject
Project("{9A19103F-16F7-4668-BE54-9A1E7A4F7556}") = "Exercice12", "Exercice12\Exercice12.csproj", "{3D7525B8-D43D-48C8-9C50-A6D13ABB79E1}"
EndProject
Project("{9A19103F-16F7-4668-BE54-9A1E7A4F7556}") = "ZBonusTimer", "ZBonusTimer\ZBonusTimer.csproj", "{7592E4C3-6AB4-455F-B2B3-F49E9E450327}"
EndProject
Project("{9A19103F-16F7-4668-BE54-9A1E7A4F7556}") = "Exercice13", "Exercice13\Exercice13.csproj", "{B0ED2DCC-4A42-41B8-A13A-0702DE60CCDF}"
EndProject
Project("{9A19103F-16F7-4668-BE54-9A1E7A4F7556}") = "Exercice14", "Exercice14\Exercice14.csproj", "{6DFAE3B1-505B-4781-9B5B-25A831FF0939}"
EndProject
Project("{9A19103F-16F7-4668-BE54-9A1E7A4F7556}") = "Exercice15", "Exercice15\Exercice15.csproj", "{DE2B21CB-ACA2-44A2-9640-932EC022CF90}"
EndProject
Project("{9A19103F-16F7-4668-BE54-9A1E7A4F7556}") = "Exercice17", "Exercice17\Exercice17.csproj", "{5F788123-6657-477B-A514-5D64E5D3A9FE}"
EndProject
Project("{9A19103F-16F7-4668-BE54-9A1E7A4F7556}") = "Exercice18", "Exercice18\Exercice18.csproj", "{359C37F1-7F0F-4251-95F6-CFA0D0FCE672}"
EndProject
Project("{9A19103F-16F7-4668-BE54-9A1E7A4F7556}") = "Exercice20", "Exercice20\Exercice20.csproj", "{B3AC03CC-1895-4F01-AF88-B4DE8EFAC215}"
EndProject
Project("{9A19103F-16F7-4668-BE54-9A1E7A4F7556}") = "Exercice21", "Exercice21\Exercice21.csproj", "{607E38C4-B717-4F18-A8F7-89EAA86347D4}"
EndProject
Project("{9A19103F-16F7-4668-BE54-9A1E7A4F7556}") = "Exercice22", "Exercice22\Exercice22.csproj", "{609F20EB-AA6E-4859-B6BF-984BDA56DB75}"
EndProject
Project("{9A19103F-16F7-4668-BE54-9A1E7A4F7556}") = "Exercice23", "Exercice23\Exercice23.csproj", "{C6924EE2-B496-4EA6-9420-8ACC59D45D06}"
EndProject
Project("{9A19103F-16F7-4668-BE54-9A1E7A4F7556}") = "Exercice24", "Exercice24\Exercice24.csproj", "{123165C9-D695-4459-A117-627FF64F03F0}"
EndProject
Project("{9A19103F-16F7-4668-BE54-9A1E7A4F7556}") = "Exercice25", "Exercice25\Exercice25.csproj", "{26022DFA-5045-4CD5-9E1D-5D3F9936B203}"
EndProject
Project("{9A19103F-16F7-4668-BE54-9A1E7A4F7556}") = "ExerciceBonusTriangle", "ExerciceBonusTriangle\ExerciceBonusTriangle.csproj", "{C1FDE7F5-DBA9-442D-9F29-D4C8AFBF5F6D}"
EndProject
Project("{9A19103F-16F7-4668-BE54-9A1E7A4F7556}") = "ExerciceBonusSapin", "ExerciceBonusSapin\ExerciceBonusSapin.csproj", "{A2D9BAA5-7574-437E-990A-E119A77B7294}"
EndProject
Project("{9A19103F-16F7-4668-BE54-9A1E7A4F7556}") = "ExerciceBonusTablesMultiplication", "ExerciceBonusTablesMultiplication\ExerciceBonusTablesMultiplication.csproj", "{C041140B-027E-4820-90CA-3286C2C69FE5}"
EndProject
Project("{9A19103F-16F7-4668-BE54-9A1E7A4F7556}") = "Exercice26", "Exercice26\Exercice26.csproj", "{D54D0750-FC09-44C8-A462-C1A14E1FBCC5}"
EndProject
Project("{9A19103F-16F7-4668-BE54-9A1E7A4F7556}") = "Exercice27", "Exercice27\Exercice27.csproj", "{017C8324-07D0-4E93-8D14-B7044D65612B}"
EndProject
Project("{9A19103F-16F7-4668-BE54-9A1E7A4F7556}") = "Exercice28", "Exercice28\Exercice28.csproj", "{D5252E7B-6D9B-4DD1-B2A4-2486574F3F5D}"
EndProject
Project("{9A19103F-16F7-4668-BE54-9A1E7A4F7556}") = "Exercice29", "Exercice29\Exercice29.csproj", "{0EA08B87-87D8-4A5C-A0BF-724A574D5FE9}"
EndProject
Project("{9A19103F-16F7-4668-BE54-9A1E7A4F7556}") = "Exercice30", "Exercice30\Exercice30.csproj", "{3288E66D-7242-4916-96F7-B08412D0745E}"
EndProject
Project("{9A19103F-16F7-4668-BE54-9A1E7A4F7556}") = "Exercice31", "Exercice31\Exercice31.csproj", "{CDDFBA14-DF71-4B3F-9F4C-95517B75555D}"
EndProject
Project("{9A19103F-16F7-4668-BE54-9A1E7A4F7556}") = "Exercice 32", "Exercice 32\Exercice 32.csproj", "{8CCDF5E6-5D5C-4848-B700-92703D0B7E69}"
EndProject
Project("{9A19103F-16F7-4668-BE54-9A1E7A4F7556}") = "Exercice 33", "Exercice 33\Exercice 33.csproj", "{FB4D8AE3-6558-4AD4-901E-FC689916EC1F}"
EndProject
Project("{9A19103F-16F7-4668-BE54-9A1E7A4F7556}") = "Exercice 34", "Exercice 34\Exercice 34.csproj", "{8F87D7F7-8D35-4A61-BE33-84903E9B4080}"
EndProject
Project("{9A19103F-16F7-4668-BE54-9A1E7A4F7556}") = "Exercice 35", "Exercice 35\Exercice 35.csproj", "{BDB2240F-2696-4BB6-B452-E7BEA715A560}"
EndProject
Project("{9A19103F-16F7-4668-BE54-9A1E7A4F7556}") = "Exercice 36", "Exercice 36\Exercice 36.csproj", "{33A0E35A-C181-40C2-813E-A59146DD5E3A}"
EndProject
Project("{FAE04EC0-301F-11D3-BF4B-00C04F79EFBC}") = "Fonction Exercice1", "Fonction Exercice1\Fonction Exercice1.csproj", "{612CBCA0-C1CB-4E17-9487-7A2E3EEBBC87}"
EndProject
Project("{FAE04EC0-301F-11D3-BF4B-00C04F79EFBC}") = "Fonction Exercice2", "Fonction Exercice2\Fonction Exercice2.csproj", "{B7AEC5C4-D499-480F-967B-8E6612443FBD}"
EndProject
Project("{FAE04EC0-301F-11D3-BF4B-00C04F79EFBC}") = "Fonction Exercice3", "Fonction Exercice3\Fonction Exercice3.csproj", "{22221A81-A54A-4EFA-8DC4-72F8A8DE4443}"
EndProject
Project("{FAE04EC0-301F-11D3-BF4B-00C04F79EFBC}") = "Fonction Exercice4", "Fonction Exercice4\Fonction Exercice4.csproj", "{FADF34B4-1E07-4E07-A058-29C682396E72}"
EndProject
Project("{FAE04EC0-301F-11D3-BF4B-00C04F79EFBC}") = "Fonction Exercice5ADN", "Fonction Exercice 5 ADN\Fonction Exercice5ADN.csproj", "{891D6378-1F19-41AE-95AA-03598B46EB28}"
EndProject
Global
	GlobalSection(SolutionConfigurationPlatforms) = preSolution
		Debug|Any CPU = Debug|Any CPU
		Release|Any CPU = Release|Any CPU
	EndGlobalSection
	GlobalSection(ProjectConfigurationPlatforms) = postSolution
		{3D01895B-3F61-4395-94FB-FF6A10D619E3}.Debug|Any CPU.ActiveCfg = Debug|Any CPU
		{3D01895B-3F61-4395-94FB-FF6A10D619E3}.Debug|Any CPU.Build.0 = Debug|Any CPU
		{3D01895B-3F61-4395-94FB-FF6A10D619E3}.Release|Any CPU.ActiveCfg = Release|Any CPU
		{3D01895B-3F61-4395-94FB-FF6A10D619E3}.Release|Any CPU.Build.0 = Release|Any CPU
		{C616F5F9-1413-4B13-9E95-D137729AB1AA}.Debug|Any CPU.ActiveCfg = Debug|Any CPU
		{C616F5F9-1413-4B13-9E95-D137729AB1AA}.Debug|Any CPU.Build.0 = Debug|Any CPU
		{C616F5F9-1413-4B13-9E95-D137729AB1AA}.Release|Any CPU.ActiveCfg = Release|Any CPU
		{C616F5F9-1413-4B13-9E95-D137729AB1AA}.Release|Any CPU.Build.0 = Release|Any CPU
		{B0265580-00AD-43D1-B7FC-CFE8419129E6}.Debug|Any CPU.ActiveCfg = Debug|Any CPU
		{B0265580-00AD-43D1-B7FC-CFE8419129E6}.Debug|Any CPU.Build.0 = Debug|Any CPU
		{B0265580-00AD-43D1-B7FC-CFE8419129E6}.Release|Any CPU.ActiveCfg = Release|Any CPU
		{B0265580-00AD-43D1-B7FC-CFE8419129E6}.Release|Any CPU.Build.0 = Release|Any CPU
		{82BBA5E1-38BC-4ECD-9800-CED0DF793BB3}.Debug|Any CPU.ActiveCfg = Debug|Any CPU
		{82BBA5E1-38BC-4ECD-9800-CED0DF793BB3}.Debug|Any CPU.Build.0 = Debug|Any CPU
		{82BBA5E1-38BC-4ECD-9800-CED0DF793BB3}.Release|Any CPU.ActiveCfg = Release|Any CPU
		{82BBA5E1-38BC-4ECD-9800-CED0DF793BB3}.Release|Any CPU.Build.0 = Release|Any CPU
		{34234B24-DD3F-4065-B9DB-BC25DF7EB25F}.Debug|Any CPU.ActiveCfg = Debug|Any CPU
		{34234B24-DD3F-4065-B9DB-BC25DF7EB25F}.Debug|Any CPU.Build.0 = Debug|Any CPU
		{34234B24-DD3F-4065-B9DB-BC25DF7EB25F}.Release|Any CPU.ActiveCfg = Release|Any CPU
		{34234B24-DD3F-4065-B9DB-BC25DF7EB25F}.Release|Any CPU.Build.0 = Release|Any CPU
		{859B2E37-31D0-41DB-B348-791C4E8F05A9}.Debug|Any CPU.ActiveCfg = Debug|Any CPU
		{859B2E37-31D0-41DB-B348-791C4E8F05A9}.Debug|Any CPU.Build.0 = Debug|Any CPU
		{859B2E37-31D0-41DB-B348-791C4E8F05A9}.Release|Any CPU.ActiveCfg = Release|Any CPU
		{859B2E37-31D0-41DB-B348-791C4E8F05A9}.Release|Any CPU.Build.0 = Release|Any CPU
		{0257E520-6143-4F1D-B995-1D23058B3AA8}.Debug|Any CPU.ActiveCfg = Debug|Any CPU
		{0257E520-6143-4F1D-B995-1D23058B3AA8}.Debug|Any CPU.Build.0 = Debug|Any CPU
		{0257E520-6143-4F1D-B995-1D23058B3AA8}.Release|Any CPU.ActiveCfg = Release|Any CPU
		{0257E520-6143-4F1D-B995-1D23058B3AA8}.Release|Any CPU.Build.0 = Release|Any CPU
		{2A290C3B-E4E0-4EB0-805C-622DBF4002C1}.Debug|Any CPU.ActiveCfg = Debug|Any CPU
		{2A290C3B-E4E0-4EB0-805C-622DBF4002C1}.Debug|Any CPU.Build.0 = Debug|Any CPU
		{2A290C3B-E4E0-4EB0-805C-622DBF4002C1}.Release|Any CPU.ActiveCfg = Release|Any CPU
		{2A290C3B-E4E0-4EB0-805C-622DBF4002C1}.Release|Any CPU.Build.0 = Release|Any CPU
		{EAC0B7CD-877E-457C-A46A-098F905694C6}.Debug|Any CPU.ActiveCfg = Debug|Any CPU
		{EAC0B7CD-877E-457C-A46A-098F905694C6}.Debug|Any CPU.Build.0 = Debug|Any CPU
		{EAC0B7CD-877E-457C-A46A-098F905694C6}.Release|Any CPU.ActiveCfg = Release|Any CPU
		{EAC0B7CD-877E-457C-A46A-098F905694C6}.Release|Any CPU.Build.0 = Release|Any CPU
		{C312F82F-A235-464F-B257-22A86961F201}.Debug|Any CPU.ActiveCfg = Debug|Any CPU
		{C312F82F-A235-464F-B257-22A86961F201}.Debug|Any CPU.Build.0 = Debug|Any CPU
		{C312F82F-A235-464F-B257-22A86961F201}.Release|Any CPU.ActiveCfg = Release|Any CPU
		{C312F82F-A235-464F-B257-22A86961F201}.Release|Any CPU.Build.0 = Release|Any CPU
		{879C425C-267F-476B-A0C8-89317C04A426}.Debug|Any CPU.ActiveCfg = Debug|Any CPU
		{879C425C-267F-476B-A0C8-89317C04A426}.Debug|Any CPU.Build.0 = Debug|Any CPU
		{879C425C-267F-476B-A0C8-89317C04A426}.Release|Any CPU.ActiveCfg = Release|Any CPU
		{879C425C-267F-476B-A0C8-89317C04A426}.Release|Any CPU.Build.0 = Release|Any CPU
		{115052D9-38BF-4F3B-88C7-B151C7FCFD33}.Debug|Any CPU.ActiveCfg = Debug|Any CPU
		{115052D9-38BF-4F3B-88C7-B151C7FCFD33}.Debug|Any CPU.Build.0 = Debug|Any CPU
		{115052D9-38BF-4F3B-88C7-B151C7FCFD33}.Release|Any CPU.ActiveCfg = Release|Any CPU
		{115052D9-38BF-4F3B-88C7-B151C7FCFD33}.Release|Any CPU.Build.0 = Release|Any CPU
		{3D7525B8-D43D-48C8-9C50-A6D13ABB79E1}.Debug|Any CPU.ActiveCfg = Debug|Any CPU
		{3D7525B8-D43D-48C8-9C50-A6D13ABB79E1}.Debug|Any CPU.Build.0 = Debug|Any CPU
		{3D7525B8-D43D-48C8-9C50-A6D13ABB79E1}.Release|Any CPU.ActiveCfg = Release|Any CPU
		{3D7525B8-D43D-48C8-9C50-A6D13ABB79E1}.Release|Any CPU.Build.0 = Release|Any CPU
		{7592E4C3-6AB4-455F-B2B3-F49E9E450327}.Debug|Any CPU.ActiveCfg = Debug|Any CPU
		{7592E4C3-6AB4-455F-B2B3-F49E9E450327}.Debug|Any CPU.Build.0 = Debug|Any CPU
		{7592E4C3-6AB4-455F-B2B3-F49E9E450327}.Release|Any CPU.ActiveCfg = Release|Any CPU
		{7592E4C3-6AB4-455F-B2B3-F49E9E450327}.Release|Any CPU.Build.0 = Release|Any CPU
		{B0ED2DCC-4A42-41B8-A13A-0702DE60CCDF}.Debug|Any CPU.ActiveCfg = Debug|Any CPU
		{B0ED2DCC-4A42-41B8-A13A-0702DE60CCDF}.Debug|Any CPU.Build.0 = Debug|Any CPU
		{B0ED2DCC-4A42-41B8-A13A-0702DE60CCDF}.Release|Any CPU.ActiveCfg = Release|Any CPU
		{B0ED2DCC-4A42-41B8-A13A-0702DE60CCDF}.Release|Any CPU.Build.0 = Release|Any CPU
		{6DFAE3B1-505B-4781-9B5B-25A831FF0939}.Debug|Any CPU.ActiveCfg = Debug|Any CPU
		{6DFAE3B1-505B-4781-9B5B-25A831FF0939}.Debug|Any CPU.Build.0 = Debug|Any CPU
		{6DFAE3B1-505B-4781-9B5B-25A831FF0939}.Release|Any CPU.ActiveCfg = Release|Any CPU
		{6DFAE3B1-505B-4781-9B5B-25A831FF0939}.Release|Any CPU.Build.0 = Release|Any CPU
		{DE2B21CB-ACA2-44A2-9640-932EC022CF90}.Debug|Any CPU.ActiveCfg = Debug|Any CPU
		{DE2B21CB-ACA2-44A2-9640-932EC022CF90}.Debug|Any CPU.Build.0 = Debug|Any CPU
		{DE2B21CB-ACA2-44A2-9640-932EC022CF90}.Release|Any CPU.ActiveCfg = Release|Any CPU
		{DE2B21CB-ACA2-44A2-9640-932EC022CF90}.Release|Any CPU.Build.0 = Release|Any CPU
		{5F788123-6657-477B-A514-5D64E5D3A9FE}.Debug|Any CPU.ActiveCfg = Debug|Any CPU
		{5F788123-6657-477B-A514-5D64E5D3A9FE}.Debug|Any CPU.Build.0 = Debug|Any CPU
		{5F788123-6657-477B-A514-5D64E5D3A9FE}.Release|Any CPU.ActiveCfg = Release|Any CPU
		{5F788123-6657-477B-A514-5D64E5D3A9FE}.Release|Any CPU.Build.0 = Release|Any CPU
		{359C37F1-7F0F-4251-95F6-CFA0D0FCE672}.Debug|Any CPU.ActiveCfg = Debug|Any CPU
		{359C37F1-7F0F-4251-95F6-CFA0D0FCE672}.Debug|Any CPU.Build.0 = Debug|Any CPU
		{359C37F1-7F0F-4251-95F6-CFA0D0FCE672}.Release|Any CPU.ActiveCfg = Release|Any CPU
		{359C37F1-7F0F-4251-95F6-CFA0D0FCE672}.Release|Any CPU.Build.0 = Release|Any CPU
		{B3AC03CC-1895-4F01-AF88-B4DE8EFAC215}.Debug|Any CPU.ActiveCfg = Debug|Any CPU
		{B3AC03CC-1895-4F01-AF88-B4DE8EFAC215}.Debug|Any CPU.Build.0 = Debug|Any CPU
		{B3AC03CC-1895-4F01-AF88-B4DE8EFAC215}.Release|Any CPU.ActiveCfg = Release|Any CPU
		{B3AC03CC-1895-4F01-AF88-B4DE8EFAC215}.Release|Any CPU.Build.0 = Release|Any CPU
		{607E38C4-B717-4F18-A8F7-89EAA86347D4}.Debug|Any CPU.ActiveCfg = Debug|Any CPU
		{607E38C4-B717-4F18-A8F7-89EAA86347D4}.Debug|Any CPU.Build.0 = Debug|Any CPU
		{607E38C4-B717-4F18-A8F7-89EAA86347D4}.Release|Any CPU.ActiveCfg = Release|Any CPU
		{607E38C4-B717-4F18-A8F7-89EAA86347D4}.Release|Any CPU.Build.0 = Release|Any CPU
		{609F20EB-AA6E-4859-B6BF-984BDA56DB75}.Debug|Any CPU.ActiveCfg = Debug|Any CPU
		{609F20EB-AA6E-4859-B6BF-984BDA56DB75}.Debug|Any CPU.Build.0 = Debug|Any CPU
		{609F20EB-AA6E-4859-B6BF-984BDA56DB75}.Release|Any CPU.ActiveCfg = Release|Any CPU
		{609F20EB-AA6E-4859-B6BF-984BDA56DB75}.Release|Any CPU.Build.0 = Release|Any CPU
		{C6924EE2-B496-4EA6-9420-8ACC59D45D06}.Debug|Any CPU.ActiveCfg = Debug|Any CPU
		{C6924EE2-B496-4EA6-9420-8ACC59D45D06}.Debug|Any CPU.Build.0 = Debug|Any CPU
		{C6924EE2-B496-4EA6-9420-8ACC59D45D06}.Release|Any CPU.ActiveCfg = Release|Any CPU
		{C6924EE2-B496-4EA6-9420-8ACC59D45D06}.Release|Any CPU.Build.0 = Release|Any CPU
		{123165C9-D695-4459-A117-627FF64F03F0}.Debug|Any CPU.ActiveCfg = Debug|Any CPU
		{123165C9-D695-4459-A117-627FF64F03F0}.Debug|Any CPU.Build.0 = Debug|Any CPU
		{123165C9-D695-4459-A117-627FF64F03F0}.Release|Any CPU.ActiveCfg = Release|Any CPU
		{123165C9-D695-4459-A117-627FF64F03F0}.Release|Any CPU.Build.0 = Release|Any CPU
		{26022DFA-5045-4CD5-9E1D-5D3F9936B203}.Debug|Any CPU.ActiveCfg = Debug|Any CPU
		{26022DFA-5045-4CD5-9E1D-5D3F9936B203}.Debug|Any CPU.Build.0 = Debug|Any CPU
		{26022DFA-5045-4CD5-9E1D-5D3F9936B203}.Release|Any CPU.ActiveCfg = Release|Any CPU
		{26022DFA-5045-4CD5-9E1D-5D3F9936B203}.Release|Any CPU.Build.0 = Release|Any CPU
		{C1FDE7F5-DBA9-442D-9F29-D4C8AFBF5F6D}.Debug|Any CPU.ActiveCfg = Debug|Any CPU
		{C1FDE7F5-DBA9-442D-9F29-D4C8AFBF5F6D}.Debug|Any CPU.Build.0 = Debug|Any CPU
		{C1FDE7F5-DBA9-442D-9F29-D4C8AFBF5F6D}.Release|Any CPU.ActiveCfg = Release|Any CPU
		{C1FDE7F5-DBA9-442D-9F29-D4C8AFBF5F6D}.Release|Any CPU.Build.0 = Release|Any CPU
		{A2D9BAA5-7574-437E-990A-E119A77B7294}.Debug|Any CPU.ActiveCfg = Debug|Any CPU
		{A2D9BAA5-7574-437E-990A-E119A77B7294}.Debug|Any CPU.Build.0 = Debug|Any CPU
		{A2D9BAA5-7574-437E-990A-E119A77B7294}.Release|Any CPU.ActiveCfg = Release|Any CPU
		{A2D9BAA5-7574-437E-990A-E119A77B7294}.Release|Any CPU.Build.0 = Release|Any CPU
		{C041140B-027E-4820-90CA-3286C2C69FE5}.Debug|Any CPU.ActiveCfg = Debug|Any CPU
		{C041140B-027E-4820-90CA-3286C2C69FE5}.Debug|Any CPU.Build.0 = Debug|Any CPU
		{C041140B-027E-4820-90CA-3286C2C69FE5}.Release|Any CPU.ActiveCfg = Release|Any CPU
		{C041140B-027E-4820-90CA-3286C2C69FE5}.Release|Any CPU.Build.0 = Release|Any CPU
		{D54D0750-FC09-44C8-A462-C1A14E1FBCC5}.Debug|Any CPU.ActiveCfg = Debug|Any CPU
		{D54D0750-FC09-44C8-A462-C1A14E1FBCC5}.Debug|Any CPU.Build.0 = Debug|Any CPU
		{D54D0750-FC09-44C8-A462-C1A14E1FBCC5}.Release|Any CPU.ActiveCfg = Release|Any CPU
		{D54D0750-FC09-44C8-A462-C1A14E1FBCC5}.Release|Any CPU.Build.0 = Release|Any CPU
		{017C8324-07D0-4E93-8D14-B7044D65612B}.Debug|Any CPU.ActiveCfg = Debug|Any CPU
		{017C8324-07D0-4E93-8D14-B7044D65612B}.Debug|Any CPU.Build.0 = Debug|Any CPU
		{017C8324-07D0-4E93-8D14-B7044D65612B}.Release|Any CPU.ActiveCfg = Release|Any CPU
		{017C8324-07D0-4E93-8D14-B7044D65612B}.Release|Any CPU.Build.0 = Release|Any CPU
		{D5252E7B-6D9B-4DD1-B2A4-2486574F3F5D}.Debug|Any CPU.ActiveCfg = Debug|Any CPU
		{D5252E7B-6D9B-4DD1-B2A4-2486574F3F5D}.Debug|Any CPU.Build.0 = Debug|Any CPU
		{D5252E7B-6D9B-4DD1-B2A4-2486574F3F5D}.Release|Any CPU.ActiveCfg = Release|Any CPU
		{D5252E7B-6D9B-4DD1-B2A4-2486574F3F5D}.Release|Any CPU.Build.0 = Release|Any CPU
		{0EA08B87-87D8-4A5C-A0BF-724A574D5FE9}.Debug|Any CPU.ActiveCfg = Debug|Any CPU
		{0EA08B87-87D8-4A5C-A0BF-724A574D5FE9}.Debug|Any CPU.Build.0 = Debug|Any CPU
		{0EA08B87-87D8-4A5C-A0BF-724A574D5FE9}.Release|Any CPU.ActiveCfg = Release|Any CPU
		{0EA08B87-87D8-4A5C-A0BF-724A574D5FE9}.Release|Any CPU.Build.0 = Release|Any CPU
		{3288E66D-7242-4916-96F7-B08412D0745E}.Debug|Any CPU.ActiveCfg = Debug|Any CPU
		{3288E66D-7242-4916-96F7-B08412D0745E}.Debug|Any CPU.Build.0 = Debug|Any CPU
		{3288E66D-7242-4916-96F7-B08412D0745E}.Release|Any CPU.ActiveCfg = Release|Any CPU
		{3288E66D-7242-4916-96F7-B08412D0745E}.Release|Any CPU.Build.0 = Release|Any CPU
		{CDDFBA14-DF71-4B3F-9F4C-95517B75555D}.Debug|Any CPU.ActiveCfg = Debug|Any CPU
		{CDDFBA14-DF71-4B3F-9F4C-95517B75555D}.Debug|Any CPU.Build.0 = Debug|Any CPU
		{CDDFBA14-DF71-4B3F-9F4C-95517B75555D}.Release|Any CPU.ActiveCfg = Release|Any CPU
		{CDDFBA14-DF71-4B3F-9F4C-95517B75555D}.Release|Any CPU.Build.0 = Release|Any CPU
		{8CCDF5E6-5D5C-4848-B700-92703D0B7E69}.Debug|Any CPU.ActiveCfg = Debug|Any CPU
		{8CCDF5E6-5D5C-4848-B700-92703D0B7E69}.Debug|Any CPU.Build.0 = Debug|Any CPU
		{8CCDF5E6-5D5C-4848-B700-92703D0B7E69}.Release|Any CPU.ActiveCfg = Release|Any CPU
		{8CCDF5E6-5D5C-4848-B700-92703D0B7E69}.Release|Any CPU.Build.0 = Release|Any CPU
		{FB4D8AE3-6558-4AD4-901E-FC689916EC1F}.Debug|Any CPU.ActiveCfg = Debug|Any CPU
		{FB4D8AE3-6558-4AD4-901E-FC689916EC1F}.Debug|Any CPU.Build.0 = Debug|Any CPU
		{FB4D8AE3-6558-4AD4-901E-FC689916EC1F}.Release|Any CPU.ActiveCfg = Release|Any CPU
		{FB4D8AE3-6558-4AD4-901E-FC689916EC1F}.Release|Any CPU.Build.0 = Release|Any CPU
		{8F87D7F7-8D35-4A61-BE33-84903E9B4080}.Debug|Any CPU.ActiveCfg = Debug|Any CPU
		{8F87D7F7-8D35-4A61-BE33-84903E9B4080}.Debug|Any CPU.Build.0 = Debug|Any CPU
		{8F87D7F7-8D35-4A61-BE33-84903E9B4080}.Release|Any CPU.ActiveCfg = Release|Any CPU
		{8F87D7F7-8D35-4A61-BE33-84903E9B4080}.Release|Any CPU.Build.0 = Release|Any CPU
		{BDB2240F-2696-4BB6-B452-E7BEA715A560}.Debug|Any CPU.ActiveCfg = Debug|Any CPU
		{BDB2240F-2696-4BB6-B452-E7BEA715A560}.Debug|Any CPU.Build.0 = Debug|Any CPU
		{BDB2240F-2696-4BB6-B452-E7BEA715A560}.Release|Any CPU.ActiveCfg = Release|Any CPU
		{BDB2240F-2696-4BB6-B452-E7BEA715A560}.Release|Any CPU.Build.0 = Release|Any CPU
		{33A0E35A-C181-40C2-813E-A59146DD5E3A}.Debug|Any CPU.ActiveCfg = Debug|Any CPU
		{33A0E35A-C181-40C2-813E-A59146DD5E3A}.Debug|Any CPU.Build.0 = Debug|Any CPU
		{33A0E35A-C181-40C2-813E-A59146DD5E3A}.Release|Any CPU.ActiveCfg = Release|Any CPU
		{33A0E35A-C181-40C2-813E-A59146DD5E3A}.Release|Any CPU.Build.0 = Release|Any CPU
		{612CBCA0-C1CB-4E17-9487-7A2E3EEBBC87}.Debug|Any CPU.ActiveCfg = Debug|Any CPU
		{612CBCA0-C1CB-4E17-9487-7A2E3EEBBC87}.Debug|Any CPU.Build.0 = Debug|Any CPU
		{612CBCA0-C1CB-4E17-9487-7A2E3EEBBC87}.Release|Any CPU.ActiveCfg = Release|Any CPU
		{612CBCA0-C1CB-4E17-9487-7A2E3EEBBC87}.Release|Any CPU.Build.0 = Release|Any CPU
		{B7AEC5C4-D499-480F-967B-8E6612443FBD}.Debug|Any CPU.ActiveCfg = Debug|Any CPU
		{B7AEC5C4-D499-480F-967B-8E6612443FBD}.Debug|Any CPU.Build.0 = Debug|Any CPU
		{B7AEC5C4-D499-480F-967B-8E6612443FBD}.Release|Any CPU.ActiveCfg = Release|Any CPU
		{B7AEC5C4-D499-480F-967B-8E6612443FBD}.Release|Any CPU.Build.0 = Release|Any CPU
		{22221A81-A54A-4EFA-8DC4-72F8A8DE4443}.Debug|Any CPU.ActiveCfg = Debug|Any CPU
		{22221A81-A54A-4EFA-8DC4-72F8A8DE4443}.Debug|Any CPU.Build.0 = Debug|Any CPU
		{22221A81-A54A-4EFA-8DC4-72F8A8DE4443}.Release|Any CPU.ActiveCfg = Release|Any CPU
		{22221A81-A54A-4EFA-8DC4-72F8A8DE4443}.Release|Any CPU.Build.0 = Release|Any CPU
		{FADF34B4-1E07-4E07-A058-29C682396E72}.Debug|Any CPU.ActiveCfg = Debug|Any CPU
		{FADF34B4-1E07-4E07-A058-29C682396E72}.Debug|Any CPU.Build.0 = Debug|Any CPU
		{FADF34B4-1E07-4E07-A058-29C682396E72}.Release|Any CPU.ActiveCfg = Release|Any CPU
		{FADF34B4-1E07-4E07-A058-29C682396E72}.Release|Any CPU.Build.0 = Release|Any CPU
		{891D6378-1F19-41AE-95AA-03598B46EB28}.Debug|Any CPU.ActiveCfg = Debug|Any CPU
		{891D6378-1F19-41AE-95AA-03598B46EB28}.Debug|Any CPU.Build.0 = Debug|Any CPU
		{891D6378-1F19-41AE-95AA-03598B46EB28}.Release|Any CPU.ActiveCfg = Release|Any CPU
		{891D6378-1F19-41AE-95AA-03598B46EB28}.Release|Any CPU.Build.0 = Release|Any CPU
	EndGlobalSection
	GlobalSection(SolutionProperties) = preSolution
		HideSolutionNode = FALSE
	EndGlobalSection
	GlobalSection(ExtensibilityGlobals) = postSolution
		SolutionGuid = {2ABEBE41-A0E6-47C3-8520-6BCB72442D24}
	EndGlobalSection
EndGlobal
