
Microsoft Visual Studio Solution File, Format Version 12.00
# Visual Studio Version 17
VisualStudioVersion = 17.6.33815.320
MinimumVisualStudioVersion = 10.0.40219.1
Project("{9A19103F-16F7-4668-BE54-9A1E7A4F7556}") = "Demo01Bibliotheque", "Demo01Bibliotheque\Demo01Bibliotheque.csproj", "{8271A921-D86E-4E73-B105-D7B0EB2A66E2}"
EndProject
Project("{2150E333-8FDC-42A3-9474-1A3956D46DE8}") = "Demos", "Demos", "{FEEA8DA0-D879-4813-892E-139DF35D1EF6}"
EndProject
Project("{2150E333-8FDC-42A3-9474-1A3956D46DE8}") = "Exercices", "Exercices", "{5D731658-E0DF-48FF-BAA0-B4E31667100A}"
EndProject
Project("{9A19103F-16F7-4668-BE54-9A1E7A4F7556}") = "Demo01Bibliotheque.Test", "Demo01Bibliotheque.Test\Demo01Bibliotheque.Test.csproj", "{EEB68592-1E79-4F14-BA36-867C02E7C8DF}"
EndProject
Project("{9A19103F-16F7-4668-BE54-9A1E7A4F7556}") = "Exercice01TDD", "Exercice01TDD\Exercice01TDD.csproj", "{DA617F0D-EA5F-4AEE-8447-BC37D554A353}"
EndProject
Project("{9A19103F-16F7-4668-BE54-9A1E7A4F7556}") = "Exercice01TDD.Test", "Exercice01TDD.Test\Exercice01TDD.Test.csproj", "{EBFA1DE9-23D3-49DC-907F-86120527459D}"
EndProject
Project("{9A19103F-16F7-4668-BE54-9A1E7A4F7556}") = "Exercice01TDD.TestNUnit", "Exercice01TDD.TestNUnit\Exercice01TDD.TestNUnit.csproj", "{A9308EDE-2EC1-49F6-9334-52A1EFD9D0D2}"
EndProject
Project("{9A19103F-16F7-4668-BE54-9A1E7A4F7556}") = "Exercice01TDD.TestXUnit", "Exercice01TDD.TestXUnit\Exercice01TDD.TestXUnit.csproj", "{FBEABABA-87E5-4165-B231-5A77251CB5EA}"
EndProject
Project("{FAE04EC0-301F-11D3-BF4B-00C04F79EFBC}") = "Exercice02Fib", "Exercice02Fib\Exercice02Fib.csproj", "{8E72024D-671E-49E8-B562-ACA648FB9CA6}"
EndProject
Project("{FAE04EC0-301F-11D3-BF4B-00C04F79EFBC}") = "Exercice02Fib.Test", "Exercice02Fib.Test\Exercice02Fib.Test.csproj", "{42719504-8C62-4791-93BF-BE08986CED77}"
EndProject
Project("{FAE04EC0-301F-11D3-BF4B-00C04F79EFBC}") = "Exercice03Cities", "Exercice03Cities\Exercice03Cities.csproj", "{DF1ED7FC-E586-4D37-8CEE-901A2632E221}"
EndProject
Project("{FAE04EC0-301F-11D3-BF4B-00C04F79EFBC}") = "Exercice03Cities.Test", "Exercice03Cities.Test\Exercice03Cities.Test.csproj", "{3C970CEB-06EB-40D1-A07B-CA4846D7B546}"
EndProject
Global
	GlobalSection(SolutionConfigurationPlatforms) = preSolution
		Debug|Any CPU = Debug|Any CPU
		Release|Any CPU = Release|Any CPU
	EndGlobalSection
	GlobalSection(ProjectConfigurationPlatforms) = postSolution
		{8271A921-D86E-4E73-B105-D7B0EB2A66E2}.Debug|Any CPU.ActiveCfg = Debug|Any CPU
		{8271A921-D86E-4E73-B105-D7B0EB2A66E2}.Debug|Any CPU.Build.0 = Debug|Any CPU
		{8271A921-D86E-4E73-B105-D7B0EB2A66E2}.Release|Any CPU.ActiveCfg = Release|Any CPU
		{8271A921-D86E-4E73-B105-D7B0EB2A66E2}.Release|Any CPU.Build.0 = Release|Any CPU
		{EEB68592-1E79-4F14-BA36-867C02E7C8DF}.Debug|Any CPU.ActiveCfg = Debug|Any CPU
		{EEB68592-1E79-4F14-BA36-867C02E7C8DF}.Debug|Any CPU.Build.0 = Debug|Any CPU
		{EEB68592-1E79-4F14-BA36-867C02E7C8DF}.Release|Any CPU.ActiveCfg = Release|Any CPU
		{EEB68592-1E79-4F14-BA36-867C02E7C8DF}.Release|Any CPU.Build.0 = Release|Any CPU
		{DA617F0D-EA5F-4AEE-8447-BC37D554A353}.Debug|Any CPU.ActiveCfg = Debug|Any CPU
		{DA617F0D-EA5F-4AEE-8447-BC37D554A353}.Debug|Any CPU.Build.0 = Debug|Any CPU
		{DA617F0D-EA5F-4AEE-8447-BC37D554A353}.Release|Any CPU.ActiveCfg = Release|Any CPU
		{DA617F0D-EA5F-4AEE-8447-BC37D554A353}.Release|Any CPU.Build.0 = Release|Any CPU
		{EBFA1DE9-23D3-49DC-907F-86120527459D}.Debug|Any CPU.ActiveCfg = Debug|Any CPU
		{EBFA1DE9-23D3-49DC-907F-86120527459D}.Debug|Any CPU.Build.0 = Debug|Any CPU
		{EBFA1DE9-23D3-49DC-907F-86120527459D}.Release|Any CPU.ActiveCfg = Release|Any CPU
		{EBFA1DE9-23D3-49DC-907F-86120527459D}.Release|Any CPU.Build.0 = Release|Any CPU
		{A9308EDE-2EC1-49F6-9334-52A1EFD9D0D2}.Debug|Any CPU.ActiveCfg = Debug|Any CPU
		{A9308EDE-2EC1-49F6-9334-52A1EFD9D0D2}.Debug|Any CPU.Build.0 = Debug|Any CPU
		{A9308EDE-2EC1-49F6-9334-52A1EFD9D0D2}.Release|Any CPU.ActiveCfg = Release|Any CPU
		{A9308EDE-2EC1-49F6-9334-52A1EFD9D0D2}.Release|Any CPU.Build.0 = Release|Any CPU
		{FBEABABA-87E5-4165-B231-5A77251CB5EA}.Debug|Any CPU.ActiveCfg = Debug|Any CPU
		{FBEABABA-87E5-4165-B231-5A77251CB5EA}.Debug|Any CPU.Build.0 = Debug|Any CPU
		{FBEABABA-87E5-4165-B231-5A77251CB5EA}.Release|Any CPU.ActiveCfg = Release|Any CPU
		{FBEABABA-87E5-4165-B231-5A77251CB5EA}.Release|Any CPU.Build.0 = Release|Any CPU
		{8E72024D-671E-49E8-B562-ACA648FB9CA6}.Debug|Any CPU.ActiveCfg = Debug|Any CPU
		{8E72024D-671E-49E8-B562-ACA648FB9CA6}.Debug|Any CPU.Build.0 = Debug|Any CPU
		{8E72024D-671E-49E8-B562-ACA648FB9CA6}.Release|Any CPU.ActiveCfg = Release|Any CPU
		{8E72024D-671E-49E8-B562-ACA648FB9CA6}.Release|Any CPU.Build.0 = Release|Any CPU
		{42719504-8C62-4791-93BF-BE08986CED77}.Debug|Any CPU.ActiveCfg = Debug|Any CPU
		{42719504-8C62-4791-93BF-BE08986CED77}.Debug|Any CPU.Build.0 = Debug|Any CPU
		{42719504-8C62-4791-93BF-BE08986CED77}.Release|Any CPU.ActiveCfg = Release|Any CPU
		{42719504-8C62-4791-93BF-BE08986CED77}.Release|Any CPU.Build.0 = Release|Any CPU
		{DF1ED7FC-E586-4D37-8CEE-901A2632E221}.Debug|Any CPU.ActiveCfg = Debug|Any CPU
		{DF1ED7FC-E586-4D37-8CEE-901A2632E221}.Debug|Any CPU.Build.0 = Debug|Any CPU
		{DF1ED7FC-E586-4D37-8CEE-901A2632E221}.Release|Any CPU.ActiveCfg = Release|Any CPU
		{DF1ED7FC-E586-4D37-8CEE-901A2632E221}.Release|Any CPU.Build.0 = Release|Any CPU
		{3C970CEB-06EB-40D1-A07B-CA4846D7B546}.Debug|Any CPU.ActiveCfg = Debug|Any CPU
		{3C970CEB-06EB-40D1-A07B-CA4846D7B546}.Debug|Any CPU.Build.0 = Debug|Any CPU
		{3C970CEB-06EB-40D1-A07B-CA4846D7B546}.Release|Any CPU.ActiveCfg = Release|Any CPU
		{3C970CEB-06EB-40D1-A07B-CA4846D7B546}.Release|Any CPU.Build.0 = Release|Any CPU
	EndGlobalSection
	GlobalSection(SolutionProperties) = preSolution
		HideSolutionNode = FALSE
	EndGlobalSection
	GlobalSection(NestedProjects) = preSolution
		{8271A921-D86E-4E73-B105-D7B0EB2A66E2} = {FEEA8DA0-D879-4813-892E-139DF35D1EF6}
		{EEB68592-1E79-4F14-BA36-867C02E7C8DF} = {FEEA8DA0-D879-4813-892E-139DF35D1EF6}
		{DA617F0D-EA5F-4AEE-8447-BC37D554A353} = {5D731658-E0DF-48FF-BAA0-B4E31667100A}
		{EBFA1DE9-23D3-49DC-907F-86120527459D} = {5D731658-E0DF-48FF-BAA0-B4E31667100A}
		{A9308EDE-2EC1-49F6-9334-52A1EFD9D0D2} = {5D731658-E0DF-48FF-BAA0-B4E31667100A}
		{FBEABABA-87E5-4165-B231-5A77251CB5EA} = {5D731658-E0DF-48FF-BAA0-B4E31667100A}
		{8E72024D-671E-49E8-B562-ACA648FB9CA6} = {5D731658-E0DF-48FF-BAA0-B4E31667100A}
		{42719504-8C62-4791-93BF-BE08986CED77} = {5D731658-E0DF-48FF-BAA0-B4E31667100A}
		{DF1ED7FC-E586-4D37-8CEE-901A2632E221} = {5D731658-E0DF-48FF-BAA0-B4E31667100A}
		{3C970CEB-06EB-40D1-A07B-CA4846D7B546} = {5D731658-E0DF-48FF-BAA0-B4E31667100A}
	EndGlobalSection
	GlobalSection(ExtensibilityGlobals) = postSolution
		SolutionGuid = {9A1AEBA9-E0A0-4854-A367-A953F1C5C4B2}
	EndGlobalSection
EndGlobal
